
Microsoft Visual Studio Solution File, Format Version 12.00
# Visual Studio 2013
VisualStudioVersion = 12.0.40629.0
MinimumVisualStudioVersion = 10.0.40219.1
Project("{FAE04EC0-301F-11D3-BF4B-00C04F79EFBC}") = "MvcEFDemo", "MvcEFDemo\MvcEFDemo.csproj", "{474FF530-7A57-4756-8802-4F3A3D4499D5}"
EndProject
Project("{FAE04EC0-301F-11D3-BF4B-00C04F79EFBC}") = "MvcEF", "MvcEF\MvcEF.csproj", "{553F90D3-399D-49E7-AE49-4E2F775005E8}"
EndProject
Global
	GlobalSection(SolutionConfigurationPlatforms) = preSolution
		Debug|Any CPU = Debug|Any CPU
		Release|Any CPU = Release|Any CPU
	EndGlobalSection
	GlobalSection(ProjectConfigurationPlatforms) = postSolution
		{474FF530-7A57-4756-8802-4F3A3D4499D5}.Debug|Any CPU.ActiveCfg = Debug|Any CPU
		{474FF530-7A57-4756-8802-4F3A3D4499D5}.Debug|Any CPU.Build.0 = Debug|Any CPU
		{474FF530-7A57-4756-8802-4F3A3D4499D5}.Release|Any CPU.ActiveCfg = Release|Any CPU
		{474FF530-7A57-4756-8802-4F3A3D4499D5}.Release|Any CPU.Build.0 = Release|Any CPU
		{553F90D3-399D-49E7-AE49-4E2F775005E8}.Debug|Any CPU.ActiveCfg = Debug|Any CPU
		{553F90D3-399D-49E7-AE49-4E2F775005E8}.Debug|Any CPU.Build.0 = Debug|Any CPU
		{553F90D3-399D-49E7-AE49-4E2F775005E8}.Release|Any CPU.ActiveCfg = Release|Any CPU
		{553F90D3-399D-49E7-AE49-4E2F775005E8}.Release|Any CPU.Build.0 = Release|Any CPU
	EndGlobalSection
	GlobalSection(SolutionProperties) = preSolution
		HideSolutionNode = FALSE
	EndGlobalSection
EndGlobal
